
Microsoft Visual Studio Solution File, Format Version 12.00
# Visual Studio Version 17
VisualStudioVersion = 17.12.35527.113 d17.12
MinimumVisualStudioVersion = 10.0.40219.1
Project("{9A19103F-16F7-4668-BE54-9A1E7A4F7556}") = "Otus.Serialization", "Otus.Serialization.csproj", "{EE347125-B5A2-4506-8644-F2AE67C1F18C}"
EndProject
Project("{FAE04EC0-301F-11D3-BF4B-00C04F79EFBC}") = "System.Text.JsonGeneration", "..\System.Text.JsonGeneration\System.Text.JsonGeneration.csproj", "{1D50D11A-2F65-40BC-8C6D-E290228618F9}"
EndProject
Global
	GlobalSection(SolutionConfigurationPlatforms) = preSolution
		Debug|Any CPU = Debug|Any CPU
		Release|Any CPU = Release|Any CPU
	EndGlobalSection
	GlobalSection(ProjectConfigurationPlatforms) = postSolution
		{EE347125-B5A2-4506-8644-F2AE67C1F18C}.Debug|Any CPU.ActiveCfg = Debug|Any CPU
		{EE347125-B5A2-4506-8644-F2AE67C1F18C}.Debug|Any CPU.Build.0 = Debug|Any CPU
		{EE347125-B5A2-4506-8644-F2AE67C1F18C}.Release|Any CPU.ActiveCfg = Release|Any CPU
		{EE347125-B5A2-4506-8644-F2AE67C1F18C}.Release|Any CPU.Build.0 = Release|Any CPU
		{1D50D11A-2F65-40BC-8C6D-E290228618F9}.Debug|Any CPU.ActiveCfg = Debug|Any CPU
		{1D50D11A-2F65-40BC-8C6D-E290228618F9}.Debug|Any CPU.Build.0 = Debug|Any CPU
		{1D50D11A-2F65-40BC-8C6D-E290228618F9}.Release|Any CPU.ActiveCfg = Release|Any CPU
		{1D50D11A-2F65-40BC-8C6D-E290228618F9}.Release|Any CPU.Build.0 = Release|Any CPU
	EndGlobalSection
	GlobalSection(SolutionProperties) = preSolution
		HideSolutionNode = FALSE
	EndGlobalSection
	GlobalSection(ExtensibilityGlobals) = postSolution
		SolutionGuid = {A311864F-325B-43AC-9ABE-722726D50595}
	EndGlobalSection
EndGlobal
